
Microsoft Visual Studio Solution File, Format Version 12.00
# Visual Studio Version 17
VisualStudioVersion = 17.8.34316.72
MinimumVisualStudioVersion = 10.0.40219.1
Project("{2150E333-8FDC-42A3-9474-1A3956D46DE8}") = "src", "src", "{EC7BF7A2-80F8-47C2-B2A6-B3CB54C91271}"
EndProject
Project("{2150E333-8FDC-42A3-9474-1A3956D46DE8}") = "Apartment", "Apartment", "{955B3A93-81EA-4C78-82B6-8C258CCA1046}"
EndProject
Project("{2150E333-8FDC-42A3-9474-1A3956D46DE8}") = "School", "School", "{B9F3297D-C24E-43A6-ADDC-A6D463E1B975}"
EndProject
Project("{2150E333-8FDC-42A3-9474-1A3956D46DE8}") = "Tourism", "Tourism", "{901D1BE0-40FF-45D0-ACCE-7400CEC2813B}"
EndProject
Project("{2150E333-8FDC-42A3-9474-1A3956D46DE8}") = "Car", "Car", "{2078F103-8870-4F5B-B17C-B4F032A4F40D}"
EndProject
Project("{FAE04EC0-301F-11D3-BF4B-00C04F79EFBC}") = "CarWebAPI", "CarWebAPI\CarWebAPI.csproj", "{1C07FC3E-E3B1-4726-AF84-5952779CD6C5}"
EndProject
Project("{FAE04EC0-301F-11D3-BF4B-00C04F79EFBC}") = "Car.Domain", "Car.Domain\Car.Domain.csproj", "{6A8249B2-1F1C-4727-89BF-BD059A53E1F7}"
EndProject
Project("{FAE04EC0-301F-11D3-BF4B-00C04F79EFBC}") = "Car.Application", "Car.Application\Car.Application.csproj", "{2C0A8A4A-C063-4C31-87EA-472E4F5B8EFF}"
EndProject
Project("{FAE04EC0-301F-11D3-BF4B-00C04F79EFBC}") = "Car.Infrastructure", "Car.Infrastructure\Car.Infrastructure.csproj", "{E2C166C5-E31B-471F-AF39-330A7E727533}"
EndProject
Project("{FAE04EC0-301F-11D3-BF4B-00C04F79EFBC}") = "ApartmentWeb", "ApartmentWeb\ApartmentWeb.csproj", "{D5025C08-3A41-4350-AD94-5B9ED1ACD058}"
EndProject
Project("{FAE04EC0-301F-11D3-BF4B-00C04F79EFBC}") = "Apartment.Application", "Apartment.DataAccess\Apartment.Application.csproj", "{1B343FF3-7720-40D4-A84E-1D2968BFDD3C}"
EndProject
Project("{FAE04EC0-301F-11D3-BF4B-00C04F79EFBC}") = "Apartment.Domain", "Apartment.Domain\Apartment.Domain.csproj", "{0A94D595-8230-4BC3-9712-06E78B161F6C}"
EndProject
Project("{FAE04EC0-301F-11D3-BF4B-00C04F79EFBC}") = "Apartment.Infrastructure", "Apartment.Infrastructure\Apartment.Infrastructure.csproj", "{AAF73761-1511-4CCD-A945-9E2D765AAC68}"
EndProject
Project("{FAE04EC0-301F-11D3-BF4B-00C04F79EFBC}") = "SchoolWeb", "SchoolWeb\SchoolWeb.csproj", "{808DC930-5CD9-4E74-9CD5-7ED144D913ED}"
EndProject
Project("{FAE04EC0-301F-11D3-BF4B-00C04F79EFBC}") = "School.Application", "School.Application\School.Application.csproj", "{CD937489-B649-4A25-9197-28DBB6320B47}"
EndProject
Project("{FAE04EC0-301F-11D3-BF4B-00C04F79EFBC}") = "School.Domain", "School.Domain\School.Domain.csproj", "{6EA9C24A-A17B-41B1-8490-01E60D929AD0}"
EndProject
Project("{FAE04EC0-301F-11D3-BF4B-00C04F79EFBC}") = "School.Infrastructure", "School.Infrastructure\School.Infrastructure.csproj", "{D6D0FEF7-4B01-4D1B-A3B5-CA87B75A013E}"
EndProject
Project("{FAE04EC0-301F-11D3-BF4B-00C04F79EFBC}") = "TourismWeb", "TourismWeb\TourismWeb.csproj", "{0E3F089E-75CC-4F77-8C4D-EE0BB17DE639}"
EndProject
Project("{FAE04EC0-301F-11D3-BF4B-00C04F79EFBC}") = "Tourism.Application", "Tourism.Application\Tourism.Application.csproj", "{E80523FD-FFB1-4CA7-82C1-36EC2BABF2A4}"
EndProject
Project("{FAE04EC0-301F-11D3-BF4B-00C04F79EFBC}") = "Tourism.Domain", "Tourism.Domain\Tourism.Domain.csproj", "{1DCCA3CB-D710-4EF6-9ED8-D31D0746F60B}"
EndProject
Project("{FAE04EC0-301F-11D3-BF4B-00C04F79EFBC}") = "Tourism.Infrastructure", "Tourism.Infrastructure\Tourism.Infrastructure.csproj", "{802BDBE8-173F-4879-BE7E-FC45D91A606D}"
EndProject
Global
	GlobalSection(SolutionConfigurationPlatforms) = preSolution
		Debug|Any CPU = Debug|Any CPU
		Release|Any CPU = Release|Any CPU
	EndGlobalSection
	GlobalSection(ProjectConfigurationPlatforms) = postSolution
		{1C07FC3E-E3B1-4726-AF84-5952779CD6C5}.Debug|Any CPU.ActiveCfg = Debug|Any CPU
		{1C07FC3E-E3B1-4726-AF84-5952779CD6C5}.Debug|Any CPU.Build.0 = Debug|Any CPU
		{1C07FC3E-E3B1-4726-AF84-5952779CD6C5}.Release|Any CPU.ActiveCfg = Release|Any CPU
		{1C07FC3E-E3B1-4726-AF84-5952779CD6C5}.Release|Any CPU.Build.0 = Release|Any CPU
		{6A8249B2-1F1C-4727-89BF-BD059A53E1F7}.Debug|Any CPU.ActiveCfg = Debug|Any CPU
		{6A8249B2-1F1C-4727-89BF-BD059A53E1F7}.Debug|Any CPU.Build.0 = Debug|Any CPU
		{6A8249B2-1F1C-4727-89BF-BD059A53E1F7}.Release|Any CPU.ActiveCfg = Release|Any CPU
		{6A8249B2-1F1C-4727-89BF-BD059A53E1F7}.Release|Any CPU.Build.0 = Release|Any CPU
		{2C0A8A4A-C063-4C31-87EA-472E4F5B8EFF}.Debug|Any CPU.ActiveCfg = Debug|Any CPU
		{2C0A8A4A-C063-4C31-87EA-472E4F5B8EFF}.Debug|Any CPU.Build.0 = Debug|Any CPU
		{2C0A8A4A-C063-4C31-87EA-472E4F5B8EFF}.Release|Any CPU.ActiveCfg = Release|Any CPU
		{2C0A8A4A-C063-4C31-87EA-472E4F5B8EFF}.Release|Any CPU.Build.0 = Release|Any CPU
		{E2C166C5-E31B-471F-AF39-330A7E727533}.Debug|Any CPU.ActiveCfg = Debug|Any CPU
		{E2C166C5-E31B-471F-AF39-330A7E727533}.Debug|Any CPU.Build.0 = Debug|Any CPU
		{E2C166C5-E31B-471F-AF39-330A7E727533}.Release|Any CPU.ActiveCfg = Release|Any CPU
		{E2C166C5-E31B-471F-AF39-330A7E727533}.Release|Any CPU.Build.0 = Release|Any CPU
		{D5025C08-3A41-4350-AD94-5B9ED1ACD058}.Debug|Any CPU.ActiveCfg = Debug|Any CPU
		{D5025C08-3A41-4350-AD94-5B9ED1ACD058}.Debug|Any CPU.Build.0 = Debug|Any CPU
		{D5025C08-3A41-4350-AD94-5B9ED1ACD058}.Release|Any CPU.ActiveCfg = Release|Any CPU
		{D5025C08-3A41-4350-AD94-5B9ED1ACD058}.Release|Any CPU.Build.0 = Release|Any CPU
		{1B343FF3-7720-40D4-A84E-1D2968BFDD3C}.Debug|Any CPU.ActiveCfg = Debug|Any CPU
		{1B343FF3-7720-40D4-A84E-1D2968BFDD3C}.Debug|Any CPU.Build.0 = Debug|Any CPU
		{1B343FF3-7720-40D4-A84E-1D2968BFDD3C}.Release|Any CPU.ActiveCfg = Release|Any CPU
		{1B343FF3-7720-40D4-A84E-1D2968BFDD3C}.Release|Any CPU.Build.0 = Release|Any CPU
		{0A94D595-8230-4BC3-9712-06E78B161F6C}.Debug|Any CPU.ActiveCfg = Debug|Any CPU
		{0A94D595-8230-4BC3-9712-06E78B161F6C}.Debug|Any CPU.Build.0 = Debug|Any CPU
		{0A94D595-8230-4BC3-9712-06E78B161F6C}.Release|Any CPU.ActiveCfg = Release|Any CPU
		{0A94D595-8230-4BC3-9712-06E78B161F6C}.Release|Any CPU.Build.0 = Release|Any CPU
		{AAF73761-1511-4CCD-A945-9E2D765AAC68}.Debug|Any CPU.ActiveCfg = Debug|Any CPU
		{AAF73761-1511-4CCD-A945-9E2D765AAC68}.Debug|Any CPU.Build.0 = Debug|Any CPU
		{AAF73761-1511-4CCD-A945-9E2D765AAC68}.Release|Any CPU.ActiveCfg = Release|Any CPU
		{AAF73761-1511-4CCD-A945-9E2D765AAC68}.Release|Any CPU.Build.0 = Release|Any CPU
		{808DC930-5CD9-4E74-9CD5-7ED144D913ED}.Debug|Any CPU.ActiveCfg = Debug|Any CPU
		{808DC930-5CD9-4E74-9CD5-7ED144D913ED}.Debug|Any CPU.Build.0 = Debug|Any CPU
		{808DC930-5CD9-4E74-9CD5-7ED144D913ED}.Release|Any CPU.ActiveCfg = Release|Any CPU
		{808DC930-5CD9-4E74-9CD5-7ED144D913ED}.Release|Any CPU.Build.0 = Release|Any CPU
		{CD937489-B649-4A25-9197-28DBB6320B47}.Debug|Any CPU.ActiveCfg = Debug|Any CPU
		{CD937489-B649-4A25-9197-28DBB6320B47}.Debug|Any CPU.Build.0 = Debug|Any CPU
		{CD937489-B649-4A25-9197-28DBB6320B47}.Release|Any CPU.ActiveCfg = Release|Any CPU
		{CD937489-B649-4A25-9197-28DBB6320B47}.Release|Any CPU.Build.0 = Release|Any CPU
		{6EA9C24A-A17B-41B1-8490-01E60D929AD0}.Debug|Any CPU.ActiveCfg = Debug|Any CPU
		{6EA9C24A-A17B-41B1-8490-01E60D929AD0}.Debug|Any CPU.Build.0 = Debug|Any CPU
		{6EA9C24A-A17B-41B1-8490-01E60D929AD0}.Release|Any CPU.ActiveCfg = Release|Any CPU
		{6EA9C24A-A17B-41B1-8490-01E60D929AD0}.Release|Any CPU.Build.0 = Release|Any CPU
		{D6D0FEF7-4B01-4D1B-A3B5-CA87B75A013E}.Debug|Any CPU.ActiveCfg = Debug|Any CPU
		{D6D0FEF7-4B01-4D1B-A3B5-CA87B75A013E}.Debug|Any CPU.Build.0 = Debug|Any CPU
		{D6D0FEF7-4B01-4D1B-A3B5-CA87B75A013E}.Release|Any CPU.ActiveCfg = Release|Any CPU
		{D6D0FEF7-4B01-4D1B-A3B5-CA87B75A013E}.Release|Any CPU.Build.0 = Release|Any CPU
		{0E3F089E-75CC-4F77-8C4D-EE0BB17DE639}.Debug|Any CPU.ActiveCfg = Debug|Any CPU
		{0E3F089E-75CC-4F77-8C4D-EE0BB17DE639}.Debug|Any CPU.Build.0 = Debug|Any CPU
		{0E3F089E-75CC-4F77-8C4D-EE0BB17DE639}.Release|Any CPU.ActiveCfg = Release|Any CPU
		{0E3F089E-75CC-4F77-8C4D-EE0BB17DE639}.Release|Any CPU.Build.0 = Release|Any CPU
		{E80523FD-FFB1-4CA7-82C1-36EC2BABF2A4}.Debug|Any CPU.ActiveCfg = Debug|Any CPU
		{E80523FD-FFB1-4CA7-82C1-36EC2BABF2A4}.Debug|Any CPU.Build.0 = Debug|Any CPU
		{E80523FD-FFB1-4CA7-82C1-36EC2BABF2A4}.Release|Any CPU.ActiveCfg = Release|Any CPU
		{E80523FD-FFB1-4CA7-82C1-36EC2BABF2A4}.Release|Any CPU.Build.0 = Release|Any CPU
		{1DCCA3CB-D710-4EF6-9ED8-D31D0746F60B}.Debug|Any CPU.ActiveCfg = Debug|Any CPU
		{1DCCA3CB-D710-4EF6-9ED8-D31D0746F60B}.Debug|Any CPU.Build.0 = Debug|Any CPU
		{1DCCA3CB-D710-4EF6-9ED8-D31D0746F60B}.Release|Any CPU.ActiveCfg = Release|Any CPU
		{1DCCA3CB-D710-4EF6-9ED8-D31D0746F60B}.Release|Any CPU.Build.0 = Release|Any CPU
		{802BDBE8-173F-4879-BE7E-FC45D91A606D}.Debug|Any CPU.ActiveCfg = Debug|Any CPU
		{802BDBE8-173F-4879-BE7E-FC45D91A606D}.Debug|Any CPU.Build.0 = Debug|Any CPU
		{802BDBE8-173F-4879-BE7E-FC45D91A606D}.Release|Any CPU.ActiveCfg = Release|Any CPU
		{802BDBE8-173F-4879-BE7E-FC45D91A606D}.Release|Any CPU.Build.0 = Release|Any CPU
	EndGlobalSection
	GlobalSection(SolutionProperties) = preSolution
		HideSolutionNode = FALSE
	EndGlobalSection
	GlobalSection(NestedProjects) = preSolution
		{955B3A93-81EA-4C78-82B6-8C258CCA1046} = {EC7BF7A2-80F8-47C2-B2A6-B3CB54C91271}
		{B9F3297D-C24E-43A6-ADDC-A6D463E1B975} = {EC7BF7A2-80F8-47C2-B2A6-B3CB54C91271}
		{901D1BE0-40FF-45D0-ACCE-7400CEC2813B} = {EC7BF7A2-80F8-47C2-B2A6-B3CB54C91271}
		{2078F103-8870-4F5B-B17C-B4F032A4F40D} = {EC7BF7A2-80F8-47C2-B2A6-B3CB54C91271}
		{1C07FC3E-E3B1-4726-AF84-5952779CD6C5} = {2078F103-8870-4F5B-B17C-B4F032A4F40D}
		{6A8249B2-1F1C-4727-89BF-BD059A53E1F7} = {2078F103-8870-4F5B-B17C-B4F032A4F40D}
		{2C0A8A4A-C063-4C31-87EA-472E4F5B8EFF} = {2078F103-8870-4F5B-B17C-B4F032A4F40D}
		{E2C166C5-E31B-471F-AF39-330A7E727533} = {2078F103-8870-4F5B-B17C-B4F032A4F40D}
		{D5025C08-3A41-4350-AD94-5B9ED1ACD058} = {955B3A93-81EA-4C78-82B6-8C258CCA1046}
		{1B343FF3-7720-40D4-A84E-1D2968BFDD3C} = {955B3A93-81EA-4C78-82B6-8C258CCA1046}
		{0A94D595-8230-4BC3-9712-06E78B161F6C} = {955B3A93-81EA-4C78-82B6-8C258CCA1046}
		{AAF73761-1511-4CCD-A945-9E2D765AAC68} = {955B3A93-81EA-4C78-82B6-8C258CCA1046}
		{808DC930-5CD9-4E74-9CD5-7ED144D913ED} = {B9F3297D-C24E-43A6-ADDC-A6D463E1B975}
		{CD937489-B649-4A25-9197-28DBB6320B47} = {B9F3297D-C24E-43A6-ADDC-A6D463E1B975}
		{6EA9C24A-A17B-41B1-8490-01E60D929AD0} = {B9F3297D-C24E-43A6-ADDC-A6D463E1B975}
		{D6D0FEF7-4B01-4D1B-A3B5-CA87B75A013E} = {B9F3297D-C24E-43A6-ADDC-A6D463E1B975}
		{0E3F089E-75CC-4F77-8C4D-EE0BB17DE639} = {901D1BE0-40FF-45D0-ACCE-7400CEC2813B}
		{E80523FD-FFB1-4CA7-82C1-36EC2BABF2A4} = {901D1BE0-40FF-45D0-ACCE-7400CEC2813B}
		{1DCCA3CB-D710-4EF6-9ED8-D31D0746F60B} = {901D1BE0-40FF-45D0-ACCE-7400CEC2813B}
		{802BDBE8-173F-4879-BE7E-FC45D91A606D} = {901D1BE0-40FF-45D0-ACCE-7400CEC2813B}
	EndGlobalSection
	GlobalSection(ExtensibilityGlobals) = postSolution
		SolutionGuid = {513D6614-893B-4CD9-9D2D-2211FE930BCF}
	EndGlobalSection
EndGlobal
